
Microsoft Visual Studio Solution File, Format Version 12.00
# Visual Studio Version 17
VisualStudioVersion = 17.9.34616.47
MinimumVisualStudioVersion = 10.0.40219.1
Project("{FAE04EC0-301F-11D3-BF4B-00C04F79EFBC}") = "WO01_Araliktami", "WO01_Araliktami\WO01_Araliktami.csproj", "{082784E0-3326-414E-B8A9-1BC09D301B09}"
EndProject
Project("{FAE04EC0-301F-11D3-BF4B-00C04F79EFBC}") = "WO02_UcSayiEnBuyukEnKucukToplamOrtalama", "WO02_UcSayiEnBuyukEnKucukToplamOrtalama\WO02_UcSayiEnBuyukEnKucukToplamOrtalama.csproj", "{A425AD51-969A-4F7B-96F2-12BBCEAD2690}"
EndProject
Global
	GlobalSection(SolutionConfigurationPlatforms) = preSolution
		Debug|Any CPU = Debug|Any CPU
		Release|Any CPU = Release|Any CPU
	EndGlobalSection
	GlobalSection(ProjectConfigurationPlatforms) = postSolution
		{082784E0-3326-414E-B8A9-1BC09D301B09}.Debug|Any CPU.ActiveCfg = Debug|Any CPU
		{082784E0-3326-414E-B8A9-1BC09D301B09}.Debug|Any CPU.Build.0 = Debug|Any CPU
		{082784E0-3326-414E-B8A9-1BC09D301B09}.Release|Any CPU.ActiveCfg = Release|Any CPU
		{082784E0-3326-414E-B8A9-1BC09D301B09}.Release|Any CPU.Build.0 = Release|Any CPU
		{A425AD51-969A-4F7B-96F2-12BBCEAD2690}.Debug|Any CPU.ActiveCfg = Debug|Any CPU
		{A425AD51-969A-4F7B-96F2-12BBCEAD2690}.Debug|Any CPU.Build.0 = Debug|Any CPU
		{A425AD51-969A-4F7B-96F2-12BBCEAD2690}.Release|Any CPU.ActiveCfg = Release|Any CPU
		{A425AD51-969A-4F7B-96F2-12BBCEAD2690}.Release|Any CPU.Build.0 = Release|Any CPU
	EndGlobalSection
	GlobalSection(SolutionProperties) = preSolution
		HideSolutionNode = FALSE
	EndGlobalSection
	GlobalSection(ExtensibilityGlobals) = postSolution
		SolutionGuid = {EB0F829E-E0B2-4521-AB74-DA948EE77F3E}
	EndGlobalSection
EndGlobal
