
Microsoft Visual Studio Solution File, Format Version 12.00
# Visual Studio Version 17
VisualStudioVersion = 17.9.34616.47
MinimumVisualStudioVersion = 10.0.40219.1
Project("{9A19103F-16F7-4668-BE54-9A1E7A4F7556}") = "WO01_Araliktami", "WO01_Araliktami\WO01_Araliktami.csproj", "{082784E0-3326-414E-B8A9-1BC09D301B09}"
EndProject
Project("{9A19103F-16F7-4668-BE54-9A1E7A4F7556}") = "WO02_UcSayiEnBuyukEnKucukToplamOrtalama", "WO02_UcSayiEnBuyukEnKucukToplamOrtalama\WO02_UcSayiEnBuyukEnKucukToplamOrtalama.csproj", "{A425AD51-969A-4F7B-96F2-12BBCEAD2690}"
EndProject
Project("{9A19103F-16F7-4668-BE54-9A1E7A4F7556}") = "WO03_Girilen20YasIcındanAraliktakiniBulma", "WO03_Girilen20YasIcındanAraliktakiniBulma\WO03_Girilen20YasIcındanAraliktakiniBulma.csproj", "{BF87FB39-50EC-4DF1-A1D0-4C676B22223E}"
EndProject
Project("{9A19103F-16F7-4668-BE54-9A1E7A4F7556}") = "WO04_SifirGireneKadarToplamVeOrtalama", "WO04_SifirGireneKadarToplamVeOrtalama\WO04_SifirGireneKadarToplamVeOrtalama.csproj", "{09350C9A-D817-473D-84F4-56F496460058}"
EndProject
Project("{FAE04EC0-301F-11D3-BF4B-00C04F79EFBC}") = "WO05_NAdetSayininKarelerininToplami", "WO05_NAdetSayininKarelerininToplami\WO05_NAdetSayininKarelerininToplami.csproj", "{BB0EEE50-2890-44EC-BDF1-4B7E4ACBE6F6}"
EndProject
Global
	GlobalSection(SolutionConfigurationPlatforms) = preSolution
		Debug|Any CPU = Debug|Any CPU
		Release|Any CPU = Release|Any CPU
	EndGlobalSection
	GlobalSection(ProjectConfigurationPlatforms) = postSolution
		{082784E0-3326-414E-B8A9-1BC09D301B09}.Debug|Any CPU.ActiveCfg = Debug|Any CPU
		{082784E0-3326-414E-B8A9-1BC09D301B09}.Debug|Any CPU.Build.0 = Debug|Any CPU
		{082784E0-3326-414E-B8A9-1BC09D301B09}.Release|Any CPU.ActiveCfg = Release|Any CPU
		{082784E0-3326-414E-B8A9-1BC09D301B09}.Release|Any CPU.Build.0 = Release|Any CPU
		{A425AD51-969A-4F7B-96F2-12BBCEAD2690}.Debug|Any CPU.ActiveCfg = Debug|Any CPU
		{A425AD51-969A-4F7B-96F2-12BBCEAD2690}.Debug|Any CPU.Build.0 = Debug|Any CPU
		{A425AD51-969A-4F7B-96F2-12BBCEAD2690}.Release|Any CPU.ActiveCfg = Release|Any CPU
		{A425AD51-969A-4F7B-96F2-12BBCEAD2690}.Release|Any CPU.Build.0 = Release|Any CPU
		{BF87FB39-50EC-4DF1-A1D0-4C676B22223E}.Debug|Any CPU.ActiveCfg = Debug|Any CPU
		{BF87FB39-50EC-4DF1-A1D0-4C676B22223E}.Debug|Any CPU.Build.0 = Debug|Any CPU
		{BF87FB39-50EC-4DF1-A1D0-4C676B22223E}.Release|Any CPU.ActiveCfg = Release|Any CPU
		{BF87FB39-50EC-4DF1-A1D0-4C676B22223E}.Release|Any CPU.Build.0 = Release|Any CPU
		{09350C9A-D817-473D-84F4-56F496460058}.Debug|Any CPU.ActiveCfg = Debug|Any CPU
		{09350C9A-D817-473D-84F4-56F496460058}.Debug|Any CPU.Build.0 = Debug|Any CPU
		{09350C9A-D817-473D-84F4-56F496460058}.Release|Any CPU.ActiveCfg = Release|Any CPU
		{09350C9A-D817-473D-84F4-56F496460058}.Release|Any CPU.Build.0 = Release|Any CPU
		{BB0EEE50-2890-44EC-BDF1-4B7E4ACBE6F6}.Debug|Any CPU.ActiveCfg = Debug|Any CPU
		{BB0EEE50-2890-44EC-BDF1-4B7E4ACBE6F6}.Debug|Any CPU.Build.0 = Debug|Any CPU
		{BB0EEE50-2890-44EC-BDF1-4B7E4ACBE6F6}.Release|Any CPU.ActiveCfg = Release|Any CPU
		{BB0EEE50-2890-44EC-BDF1-4B7E4ACBE6F6}.Release|Any CPU.Build.0 = Release|Any CPU
	EndGlobalSection
	GlobalSection(SolutionProperties) = preSolution
		HideSolutionNode = FALSE
	EndGlobalSection
	GlobalSection(ExtensibilityGlobals) = postSolution
		SolutionGuid = {EB0F829E-E0B2-4521-AB74-DA948EE77F3E}
	EndGlobalSection
EndGlobal
